<?xml version="1.0" encoding="utf-8"?>
<Project ToolsVersion="4.0" xmlns="http://schemas.microsoft.com/developer/msbuild/2003">
  <ItemGroup>
    <Filter Include="Source Files">
      <UniqueIdentifier>{4FC737F1-C7A5-4376-A066-2A32D752A2FF}</UniqueIdentifier>
      <Extensions>cpp;c;cc;cxx;def;odl;idl;hpj;bat;asm;asmx</Extensions>
    </Filter>
    <Filter Include="Header Files">
      <UniqueIdentifier>{93995380-89BD-4b04-88EB-625FBE52EBFB}</UniqueIdentifier>
      <Extensions>h;hh;hpp;hxx;hm;inl;inc;xsd</Extensions>
    </Filter>
    <Filter Include="Resource Files">
      <UniqueIdentifier>{67DA6AB6-F800-4c08-8B7A-83BB121AAD01}</UniqueIdentifier>
      <Extensions>rc;ico;cur;bmp;dlg;rc2;rct;bin;rgs;gif;jpg;jpeg;jpe;resx;tiff;tif;png;wav;mfcribbon-ms</Extensions>
    </Filter>
  </ItemGroup>
  <ItemGroup>
    <None Include="bitwiseRefectoring.ino" />
  </ItemGroup>
  <ItemGroup>
    <ClInclude Include="__vm\.bitwiseRefectoring.vsarduino.h">
      <Filter>Header Files</Filter>
    </ClInclude>
    <ClInclude Include="common.h">
      <Filter>Header Files</Filter>
    </ClInclude>
    <ClInclude Include="debounce.h">
      <Filter>Header Files</Filter>
    </ClInclude>
    <ClInclude Include="debugLevels.h">
      <Filter>Header Files</Filter>
    </ClInclude>
    <ClInclude Include="fileMenu.h">
      <Filter>Header Files</Filter>
    </ClInclude>
    <ClInclude Include="fileSendMenu.h">
      <Filter>Header Files</Filter>
    </ClInclude>
    <ClInclude Include="FileTools.h">
      <Filter>Header Files</Filter>
    </ClInclude>
    <ClInclude Include="menu.h">
      <Filter>Header Files</Filter>
    </ClInclude>
    <ClInclude Include="menuDefinitions.h">
      <Filter>Header Files</Filter>
    </ClInclude>
    <ClInclude Include="namedFile.h">
      <Filter>Header Files</Filter>
    </ClInclude>
    <ClInclude Include="nokiaDisplay.h">
      <Filter>Header Files</Filter>
    </ClInclude>
    <ClInclude Include="normalMenu.h">
      <Filter>Header Files</Filter>
    </ClInclude>
    <ClInclude Include="pinout.h">
      <Filter>Header Files</Filter>
    </ClInclude>
    <ClInclude Include="settingsMenu.h">
      <Filter>Header Files</Filter>
    </ClInclude>
    <ClInclude Include="systemState.h">
      <Filter>Header Files</Filter>
    </ClInclude>
    <ClInclude Include="300BaudCUTS.h">
      <Filter>Header Files</Filter>
    </ClInclude>
    <ClInclude Include="computerInterface.h">
      <Filter>Header Files</Filter>
    </ClInclude>
    <ClInclude Include="storageInterface.h">
      <Filter>Header Files</Filter>
    </ClInclude>
    <ClInclude Include="CUTS.h">
      <Filter>Header Files</Filter>
    </ClInclude>
  </ItemGroup>
  <ItemGroup>
    <ClCompile Include="FileTools.cpp">
      <Filter>Source Files</Filter>
    </ClCompile>
    <ClCompile Include="namedFile.cpp">
      <Filter>Source Files</Filter>
    </ClCompile>
    <ClCompile Include="300BaudCUTS.cpp">
      <Filter>Source Files</Filter>
    </ClCompile>
    <ClCompile Include="CUTS.cpp">
      <Filter>Source Files</Filter>
    </ClCompile>
  </ItemGroup>
</Project>